title: All new Word Clock
excerpt: >-
  All new version of Word Clock for Mac is now available. Completely re-written
  from scratch with new, smoother animation. No more Flash…
components:
  - type: blog
    content: >-
      [![](//www.simonheys.com/wp-content/uploads/2011/05/wordclock_mac.jpg)](//www.simonheys.com/wordclock/) 


      All new version of Word Clock for Mac is now available. Completely
      re-written from scratch with new, smoother animation. No more Flash…
  - type: blog-next
