title: All new Word Clock
excerpt: |
  All new version of Word Clock for Mac is now available. Completely re-written
  from scratch with new, smoother animation. No more Flash…
components:
  - type: blog
    content: |
      [![](uploads/2011/05/wordclock_mac.jpg)](/portfolio/wordclock/) 

      All new version of Word Clock for Mac is now available. Completely re-written from scratch with new, smoother animation. No more Flash…
  - type: blog-next
